
Microsoft Visual Studio Solution File, Format Version 12.00
# Visual Studio Version 17
VisualStudioVersion = 17.13.35825.156 d17.13
MinimumVisualStudioVersion = 10.0.40219.1
Project("{FAE04EC0-301F-11D3-BF4B-00C04F79EFBC}") = "CaixaEletronico", "CaixaEletronico\CaixaEletronico.csproj", "{7E0F8F28-3FEC-4639-B4E2-8EA8EB64DC4D}"
EndProject
Global
	GlobalSection(SolutionConfigurationPlatforms) = preSolution
		Debug|Any CPU = Debug|Any CPU
		Release|Any CPU = Release|Any CPU
	EndGlobalSection
	GlobalSection(ProjectConfigurationPlatforms) = postSolution
		{7E0F8F28-3FEC-4639-B4E2-8EA8EB64DC4D}.Debug|Any CPU.ActiveCfg = Debug|Any CPU
		{7E0F8F28-3FEC-4639-B4E2-8EA8EB64DC4D}.Debug|Any CPU.Build.0 = Debug|Any CPU
		{7E0F8F28-3FEC-4639-B4E2-8EA8EB64DC4D}.Release|Any CPU.ActiveCfg = Release|Any CPU
		{7E0F8F28-3FEC-4639-B4E2-8EA8EB64DC4D}.Release|Any CPU.Build.0 = Release|Any CPU
	EndGlobalSection
	GlobalSection(SolutionProperties) = preSolution
		HideSolutionNode = FALSE
	EndGlobalSection
	GlobalSection(ExtensibilityGlobals) = postSolution
		SolutionGuid = {BB027FFF-7FDE-47F9-BEA5-8DEDC08D8652}
	EndGlobalSection
EndGlobal
